
Microsoft Visual Studio Solution File, Format Version 12.00
# Visual Studio Version 16
VisualStudioVersion = 16.0.29806.167
MinimumVisualStudioVersion = 10.0.40219.1
Project("{FAE04EC0-301F-11D3-BF4B-00C04F79EFBC}") = "TesteBiometria.Android", "TesteBiometria\TesteBiometria.Android\TesteBiometria.Android.csproj", "{5781B944-DA31-4D9F-B666-88869EE254AF}"
EndProject
Project("{FAE04EC0-301F-11D3-BF4B-00C04F79EFBC}") = "TesteBiometria.iOS", "TesteBiometria\TesteBiometria.iOS\TesteBiometria.iOS.csproj", "{BBFC7335-80CA-4BF0-A5AA-D6D1C19793B1}"
EndProject
Project("{FAE04EC0-301F-11D3-BF4B-00C04F79EFBC}") = "TesteBiometria", "TesteBiometria\TesteBiometria\TesteBiometria.csproj", "{9837C6C9-7F8A-4417-8790-97B57FDA67A4}"
EndProject
Global
	GlobalSection(SolutionConfigurationPlatforms) = preSolution
		Debug|Any CPU = Debug|Any CPU
		Debug|iPhone = Debug|iPhone
		Debug|iPhoneSimulator = Debug|iPhoneSimulator
		Release|Any CPU = Release|Any CPU
		Release|iPhone = Release|iPhone
		Release|iPhoneSimulator = Release|iPhoneSimulator
	EndGlobalSection
	GlobalSection(ProjectConfigurationPlatforms) = postSolution
		{5781B944-DA31-4D9F-B666-88869EE254AF}.Debug|Any CPU.ActiveCfg = Debug|Any CPU
		{5781B944-DA31-4D9F-B666-88869EE254AF}.Debug|Any CPU.Build.0 = Debug|Any CPU
		{5781B944-DA31-4D9F-B666-88869EE254AF}.Debug|Any CPU.Deploy.0 = Debug|Any CPU
		{5781B944-DA31-4D9F-B666-88869EE254AF}.Debug|iPhone.ActiveCfg = Debug|Any CPU
		{5781B944-DA31-4D9F-B666-88869EE254AF}.Debug|iPhone.Build.0 = Debug|Any CPU
		{5781B944-DA31-4D9F-B666-88869EE254AF}.Debug|iPhone.Deploy.0 = Debug|Any CPU
		{5781B944-DA31-4D9F-B666-88869EE254AF}.Debug|iPhoneSimulator.ActiveCfg = Debug|Any CPU
		{5781B944-DA31-4D9F-B666-88869EE254AF}.Debug|iPhoneSimulator.Build.0 = Debug|Any CPU
		{5781B944-DA31-4D9F-B666-88869EE254AF}.Debug|iPhoneSimulator.Deploy.0 = Debug|Any CPU
		{5781B944-DA31-4D9F-B666-88869EE254AF}.Release|Any CPU.ActiveCfg = Release|Any CPU
		{5781B944-DA31-4D9F-B666-88869EE254AF}.Release|Any CPU.Build.0 = Release|Any CPU
		{5781B944-DA31-4D9F-B666-88869EE254AF}.Release|Any CPU.Deploy.0 = Release|Any CPU
		{5781B944-DA31-4D9F-B666-88869EE254AF}.Release|iPhone.ActiveCfg = Release|Any CPU
		{5781B944-DA31-4D9F-B666-88869EE254AF}.Release|iPhone.Build.0 = Release|Any CPU
		{5781B944-DA31-4D9F-B666-88869EE254AF}.Release|iPhone.Deploy.0 = Release|Any CPU
		{5781B944-DA31-4D9F-B666-88869EE254AF}.Release|iPhoneSimulator.ActiveCfg = Release|Any CPU
		{5781B944-DA31-4D9F-B666-88869EE254AF}.Release|iPhoneSimulator.Build.0 = Release|Any CPU
		{5781B944-DA31-4D9F-B666-88869EE254AF}.Release|iPhoneSimulator.Deploy.0 = Release|Any CPU
		{BBFC7335-80CA-4BF0-A5AA-D6D1C19793B1}.Debug|Any CPU.ActiveCfg = Debug|iPhoneSimulator
		{BBFC7335-80CA-4BF0-A5AA-D6D1C19793B1}.Debug|Any CPU.Build.0 = Debug|iPhoneSimulator
		{BBFC7335-80CA-4BF0-A5AA-D6D1C19793B1}.Debug|Any CPU.Deploy.0 = Debug|iPhoneSimulator
		{BBFC7335-80CA-4BF0-A5AA-D6D1C19793B1}.Debug|iPhone.ActiveCfg = Debug|iPhone
		{BBFC7335-80CA-4BF0-A5AA-D6D1C19793B1}.Debug|iPhone.Build.0 = Debug|iPhone
		{BBFC7335-80CA-4BF0-A5AA-D6D1C19793B1}.Debug|iPhone.Deploy.0 = Debug|iPhone
		{BBFC7335-80CA-4BF0-A5AA-D6D1C19793B1}.Debug|iPhoneSimulator.ActiveCfg = Debug|iPhoneSimulator
		{BBFC7335-80CA-4BF0-A5AA-D6D1C19793B1}.Debug|iPhoneSimulator.Build.0 = Debug|iPhoneSimulator
		{BBFC7335-80CA-4BF0-A5AA-D6D1C19793B1}.Debug|iPhoneSimulator.Deploy.0 = Debug|iPhoneSimulator
		{BBFC7335-80CA-4BF0-A5AA-D6D1C19793B1}.Release|Any CPU.ActiveCfg = Release|iPhone
		{BBFC7335-80CA-4BF0-A5AA-D6D1C19793B1}.Release|Any CPU.Build.0 = Release|iPhone
		{BBFC7335-80CA-4BF0-A5AA-D6D1C19793B1}.Release|Any CPU.Deploy.0 = Release|iPhone
		{BBFC7335-80CA-4BF0-A5AA-D6D1C19793B1}.Release|iPhone.ActiveCfg = Release|iPhone
		{BBFC7335-80CA-4BF0-A5AA-D6D1C19793B1}.Release|iPhone.Build.0 = Release|iPhone
		{BBFC7335-80CA-4BF0-A5AA-D6D1C19793B1}.Release|iPhone.Deploy.0 = Release|iPhone
		{BBFC7335-80CA-4BF0-A5AA-D6D1C19793B1}.Release|iPhoneSimulator.ActiveCfg = Release|iPhoneSimulator
		{BBFC7335-80CA-4BF0-A5AA-D6D1C19793B1}.Release|iPhoneSimulator.Build.0 = Release|iPhoneSimulator
		{BBFC7335-80CA-4BF0-A5AA-D6D1C19793B1}.Release|iPhoneSimulator.Deploy.0 = Release|iPhoneSimulator
		{9837C6C9-7F8A-4417-8790-97B57FDA67A4}.Debug|Any CPU.ActiveCfg = Debug|Any CPU
		{9837C6C9-7F8A-4417-8790-97B57FDA67A4}.Debug|Any CPU.Build.0 = Debug|Any CPU
		{9837C6C9-7F8A-4417-8790-97B57FDA67A4}.Debug|Any CPU.Deploy.0 = Debug|Any CPU
		{9837C6C9-7F8A-4417-8790-97B57FDA67A4}.Debug|iPhone.ActiveCfg = Debug|Any CPU
		{9837C6C9-7F8A-4417-8790-97B57FDA67A4}.Debug|iPhone.Build.0 = Debug|Any CPU
		{9837C6C9-7F8A-4417-8790-97B57FDA67A4}.Debug|iPhone.Deploy.0 = Debug|Any CPU
		{9837C6C9-7F8A-4417-8790-97B57FDA67A4}.Debug|iPhoneSimulator.ActiveCfg = Debug|Any CPU
		{9837C6C9-7F8A-4417-8790-97B57FDA67A4}.Debug|iPhoneSimulator.Build.0 = Debug|Any CPU
		{9837C6C9-7F8A-4417-8790-97B57FDA67A4}.Debug|iPhoneSimulator.Deploy.0 = Debug|Any CPU
		{9837C6C9-7F8A-4417-8790-97B57FDA67A4}.Release|Any CPU.ActiveCfg = Release|Any CPU
		{9837C6C9-7F8A-4417-8790-97B57FDA67A4}.Release|Any CPU.Build.0 = Release|Any CPU
		{9837C6C9-7F8A-4417-8790-97B57FDA67A4}.Release|Any CPU.Deploy.0 = Release|Any CPU
		{9837C6C9-7F8A-4417-8790-97B57FDA67A4}.Release|iPhone.ActiveCfg = Release|Any CPU
		{9837C6C9-7F8A-4417-8790-97B57FDA67A4}.Release|iPhone.Build.0 = Release|Any CPU
		{9837C6C9-7F8A-4417-8790-97B57FDA67A4}.Release|iPhone.Deploy.0 = Release|Any CPU
		{9837C6C9-7F8A-4417-8790-97B57FDA67A4}.Release|iPhoneSimulator.ActiveCfg = Release|Any CPU
		{9837C6C9-7F8A-4417-8790-97B57FDA67A4}.Release|iPhoneSimulator.Build.0 = Release|Any CPU
		{9837C6C9-7F8A-4417-8790-97B57FDA67A4}.Release|iPhoneSimulator.Deploy.0 = Release|Any CPU
	EndGlobalSection
	GlobalSection(SolutionProperties) = preSolution
		HideSolutionNode = FALSE
	EndGlobalSection
	GlobalSection(ExtensibilityGlobals) = postSolution
		SolutionGuid = {DFC5C79B-4E41-4F1D-9202-7D6E7728E69F}
	EndGlobalSection
EndGlobal
